{
    "_readme": [
        "This file locks the dependencies of your project to a known state",
        "Read more about it at https://getcomposer.org/doc/01-basic-usage.md#composer-lock-the-lock-file",
        "This file is @generated automatically"
    ],
    "content-hash": "260ddee66fa3125693213804cf08ff19",
    "packages": [
        {
            "name": "behat/transliterator",
            "version": "v1.1.0",
            "source": {
                "type": "git",
                "url": "https://github.com/Behat/Transliterator.git",
                "reference": "868e05be3a9f25ba6424c2dd4849567f50715003"
            },
            "dist": {
                "type": "zip",
                "url": "https://api.github.com/repos/Behat/Transliterator/zipball/868e05be3a9f25ba6424c2dd4849567f50715003",
                "reference": "868e05be3a9f25ba6424c2dd4849567f50715003",
                "shasum": ""
            },
            "require": {
                "php": ">=5.3.3"
            },
            "type": "library",
            "extra": {
                "branch-alias": {
                    "dev-master": "1.1-dev"
                }
            },
            "autoload": {
                "psr-0": {
                    "Behat\\Transliterator": "src/"
                }
            },
            "notification-url": "https://packagist.org/downloads/",
            "license": [
                "Artistic-1.0"
            ],
            "description": "String transliterator",
            "keywords": [
                "i18n",
                "slug",
                "transliterator"
            ],
            "time": "2015-09-28T16:26:35+00:00"
        },
        {
            "name": "magkopian/php-math-captcha",
            "version": "1.0.0",
            "source": {
                "type": "git",
                "url": "https://github.com/magkopian/php-math-captcha.git",
                "reference": "e1823aa63a002e6ec13b3f5e69d391da3c90482b"
            },
            "dist": {
                "type": "zip",
                "url": "https://api.github.com/repos/magkopian/php-math-captcha/zipball/e1823aa63a002e6ec13b3f5e69d391da3c90482b",
                "reference": "e1823aa63a002e6ec13b3f5e69d391da3c90482b",
                "shasum": ""
            },
            "require": {
                "ext-gd": "*",
                "php": ">=5.0.0"
            },
            "type": "library",
            "autoload": {
                "psr-0": {
                    "MathCaptcha": "src/"
                }
            },
            "notification-url": "https://packagist.org/downloads/",
            "license": [
                "MIT"
            ],
            "authors": [
                {
                    "name": "Manolis Agkopian",
                    "email": "m.agkopian@gmail.com"
                }
            ],
            "description": "A simple class for generating and validating math captcha images",
            "keywords": [
                "antispam",
                "captcha",
                "captcha class",
                "math captcha"
            ],
            "time": "2014-10-04T14:13:41+00:00"
        },
        {
            "name": "servo/fluidxml",
            "version": "1.21",
            "source": {
                "type": "git",
                "url": "https://github.com/servo-php/fluidxml.git",
                "reference": "b6fb8de6ff781479c9e4fb6e9f27b5af1e87dc4b"
            },
            "dist": {
                "type": "zip",
                "url": "https://api.github.com/repos/servo-php/fluidxml/zipball/b6fb8de6ff781479c9e4fb6e9f27b5af1e87dc4b",
                "reference": "b6fb8de6ff781479c9e4fb6e9f27b5af1e87dc4b",
                "shasum": ""
            },
            "require": {
                "php": ">=5.6"
            },
            "require-dev": {
                "apigen/apigen": "4.*",
                "peridot-php/peridot": "1.*",
                "peridot-php/peridot-code-coverage-reporters": "1.*"
            },
            "type": "library",
            "autoload": {
                "files": [
                    "./source/FluidXml/fluid.php"
                ],
                "psr-4": {
                    "FluidXml\\": "./source/FluidXml/"
                }
            },
            "notification-url": "https://packagist.org/downloads/",
            "license": [
                "BSD-2-Clause"
            ],
            "authors": [
                {
                    "name": "Daniele Orlando",
                    "email": "fluidxml@danieleorlando.com",
                    "homepage": "https://github.com/servo-php/fluidxml",
                    "role": "Developer"
                }
            ],
            "description": "Concise and fluent XML manipulation library",
            "homepage": "https://github.com/servo-php/fluidxml",
            "keywords": [
                "templating",
                "xml"
            ],
            "time": "2017-01-31T00:37:33+00:00"
        },
        {
            "name": "swiftmailer/swiftmailer",
            "version": "v5.4.6",
            "source": {
                "type": "git",
                "url": "https://github.com/swiftmailer/swiftmailer.git",
                "reference": "81fdccfaf8bdc5d5d7a1ef6bb3a61bbb1a6c4a3e"
            },
            "dist": {
                "type": "zip",
                "url": "https://api.github.com/repos/swiftmailer/swiftmailer/zipball/81fdccfaf8bdc5d5d7a1ef6bb3a61bbb1a6c4a3e",
                "reference": "81fdccfaf8bdc5d5d7a1ef6bb3a61bbb1a6c4a3e",
                "shasum": ""
            },
            "require": {
                "php": ">=5.3.3"
            },
            "require-dev": {
                "mockery/mockery": "~0.9.1",
                "symfony/phpunit-bridge": "~3.2"
            },
            "type": "library",
            "extra": {
                "branch-alias": {
                    "dev-master": "5.4-dev"
                }
            },
            "autoload": {
                "files": [
                    "lib/swift_required.php"
                ]
            },
            "notification-url": "https://packagist.org/downloads/",
            "license": [
                "MIT"
            ],
            "authors": [
                {
                    "name": "Chris Corbyn"
                },
                {
                    "name": "Fabien Potencier",
                    "email": "fabien@symfony.com"
                }
            ],
            "description": "Swiftmailer, free feature-rich PHP mailer",
            "homepage": "http://swiftmailer.org",
            "keywords": [
                "email",
                "mail",
                "mailer"
            ],
            "time": "2017-02-13T07:52:53+00:00"
        },
        {
            "name": "twbs/bootstrap",
            "version": "4.0.0-alpha.6",
            "source": {
                "type": "git",
                "url": "https://github.com/twbs/bootstrap.git",
                "reference": "65ffb1c3b6e94440812a2e228cb8e8be512652ec"
            },
            "dist": {
                "type": "zip",
                "url": "https://api.github.com/repos/twbs/bootstrap/zipball/65ffb1c3b6e94440812a2e228cb8e8be512652ec",
                "reference": "65ffb1c3b6e94440812a2e228cb8e8be512652ec",
                "shasum": ""
            },
            "replace": {
                "twitter/bootstrap": "self.version"
            },
            "type": "library",
            "extra": {
                "branch-alias": {
                    "dev-master": "3.3.x-dev"
                }
            },
            "notification-url": "https://packagist.org/downloads/",
            "license": [
                "MIT"
            ],
            "authors": [
                {
                    "name": "Jacob Thornton",
                    "email": "jacobthornton@gmail.com"
                },
                {
                    "name": "Mark Otto",
                    "email": "markdotto@gmail.com"
                }
            ],
            "description": "The most popular front-end framework for developing responsive, mobile first projects on the web.",
            "homepage": "https://getbootstrap.com",
            "keywords": [
                "JS",
                "css",
                "framework",
                "front-end",
                "mobile-first",
                "responsive",
                "sass",
                "web"
            ],
            "time": "2017-01-06T16:41:52+00:00"
        }
    ],
    "packages-dev": [
        {
            "name": "heroku/heroku-buildpack-php",
            "version": "v121",
            "source": {
                "type": "git",
                "url": "https://github.com/heroku/heroku-buildpack-php.git",
                "reference": "727aa850a02a7af94c9225237464be8e8c8ff6db"
            },
            "dist": {
                "type": "zip",
                "url": "https://api.github.com/repos/heroku/heroku-buildpack-php/zipball/727aa850a02a7af94c9225237464be8e8c8ff6db",
                "reference": "727aa850a02a7af94c9225237464be8e8c8ff6db",
                "shasum": ""
            },
            "bin": [
                "bin/heroku-hhvm-apache2",
                "bin/heroku-hhvm-nginx",
                "bin/heroku-php-apache2",
                "bin/heroku-php-nginx"
            ],
            "type": "library",
            "notification-url": "https://packagist.org/downloads/",
            "license": [
                "MIT"
            ],
            "authors": [
                {
                    "name": "David Zuelke",
                    "email": "dz@heroku.com"
                }
            ],
            "description": "Toolkit for starting a PHP application locally, with or without foreman, using the same config for PHP/HHVM and Apache2/Nginx as on Heroku",
            "homepage": "https://github.com/heroku/heroku-buildpack-php",
            "keywords": [
                "apache",
                "apache2",
                "foreman",
                "heroku",
                "hhvm",
                "nginx",
                "php"
            ],
            "time": "2017-03-27T23:33:27+00:00"
        }
    ],
    "aliases": [],
    "minimum-stability": "stable",
    "stability-flags": {
        "twbs/bootstrap": 15
    },
    "prefer-stable": false,
    "prefer-lowest": false,
    "platform": {
        "php": "^5.6.0",
        "ext-mbstring": "*",
        "ext-phalcon": ">=1.3.0"
    },
    "platform-dev": []
}
